// !$*UTF8*$!
{
	archiveVersion = 1;
	classes = {
	};
	objectVersion = 56;
	objects = {

/* Begin PBXBuildFile section */
		D95256552A9A4E760001C163 /* AppDelegate.swift in Sources */ = {isa = PBXBuildFile; fileRef = D95256542A9A4E760001C163 /* AppDelegate.swift */; };
		D95256572A9A4E760001C163 /* SceneDelegate.swift in Sources */ = {isa = PBXBuildFile; fileRef = D95256562A9A4E760001C163 /* SceneDelegate.swift */; };
		D952565C2A9A4E760001C163 /* Main.storyboard in Resources */ = {isa = PBXBuildFile; fileRef = D952565A2A9A4E760001C163 /* Main.storyboard */; };
		D952565E2A9A4E780001C163 /* Assets.xcassets in Resources */ = {isa = PBXBuildFile; fileRef = D952565D2A9A4E780001C163 /* Assets.xcassets */; };
		D95256612A9A4E780001C163 /* LaunchScreen.storyboard in Resources */ = {isa = PBXBuildFile; fileRef = D952565F2A9A4E780001C163 /* LaunchScreen.storyboard */; };
		D952566C2A9A4E780001C163 /* MVVMTests.swift in Sources */ = {isa = PBXBuildFile; fileRef = D952566B2A9A4E780001C163 /* MVVMTests.swift */; };
		D95256762A9A4E780001C163 /* MVVMUITests.swift in Sources */ = {isa = PBXBuildFile; fileRef = D95256752A9A4E780001C163 /* MVVMUITests.swift */; };
		D95256782A9A4E780001C163 /* MVVMUITestsLaunchTests.swift in Sources */ = {isa = PBXBuildFile; fileRef = D95256772A9A4E780001C163 /* MVVMUITestsLaunchTests.swift */; };
		D95256882A9A4E9C0001C163 /* ViewController.swift in Sources */ = {isa = PBXBuildFile; fileRef = D95256852A9A4E9C0001C163 /* ViewController.swift */; };
		D95256892A9A4E9C0001C163 /* TaskModel.swift in Sources */ = {isa = PBXBuildFile; fileRef = D95256862A9A4E9C0001C163 /* TaskModel.swift */; };
		D952568A2A9A4E9C0001C163 /* TaskCell.swift in Sources */ = {isa = PBXBuildFile; fileRef = D95256872A9A4E9C0001C163 /* TaskCell.swift */; };
		D952568C2A9A534E0001C163 /* TaskListViewModel.swift in Sources */ = {isa = PBXBuildFile; fileRef = D952568B2A9A534E0001C163 /* TaskListViewModel.swift */; };
/* End PBXBuildFile section */

/* Begin PBXContainerItemProxy section */
		D95256682A9A4E780001C163 /* PBXContainerItemProxy */ = {
			isa = PBXContainerItemProxy;
			containerPortal = D95256492A9A4E760001C163 /* Project object */;
			proxyType = 1;
			remoteGlobalIDString = D95256502A9A4E760001C163;
			remoteInfo = MVVM;
		};
		D95256722A9A4E780001C163 /* PBXContainerItemProxy */ = {
			isa = PBXContainerItemProxy;
			containerPortal = D95256492A9A4E760001C163 /* Project object */;
			proxyType = 1;
			remoteGlobalIDString = D95256502A9A4E760001C163;
			remoteInfo = MVVM;
		};
/* End PBXContainerItemProxy section */

/* Begin PBXFileReference section */
		D95256512A9A4E760001C163 /* MVVM.app */ = {isa = PBXFileReference; explicitFileType = wrapper.application; includeInIndex = 0; path = MVVM.app; sourceTree = BUILT_PRODUCTS_DIR; };
		D95256542A9A4E760001C163 /* AppDelegate.swift */ = {isa = PBXFileReference; lastKnownFileType = sourcecode.swift; path = AppDelegate.swift; sourceTree = "<group>"; };
		D95256562A9A4E760001C163 /* SceneDelegate.swift */ = {isa = PBXFileReference; lastKnownFileType = sourcecode.swift; path = SceneDelegate.swift; sourceTree = "<group>"; };
		D952565B2A9A4E760001C163 /* Base */ = {isa = PBXFileReference; lastKnownFileType = file.storyboard; name = Base; path = Base.lproj/Main.storyboard; sourceTree = "<group>"; };
		D952565D2A9A4E780001C163 /* Assets.xcassets */ = {isa = PBXFileReference; lastKnownFileType = folder.assetcatalog; path = Assets.xcassets; sourceTree = "<group>"; };
		D95256602A9A4E780001C163 /* Base */ = {isa = PBXFileReference; lastKnownFileType = file.storyboard; name = Base; path = Base.lproj/LaunchScreen.storyboard; sourceTree = "<group>"; };
		D95256622A9A4E780001C163 /* Info.plist */ = {isa = PBXFileReference; lastKnownFileType = text.plist.xml; path = Info.plist; sourceTree = "<group>"; };
		D95256672A9A4E780001C163 /* MVVMTests.xctest */ = {isa = PBXFileReference; explicitFileType = wrapper.cfbundle; includeInIndex = 0; path = MVVMTests.xctest; sourceTree = BUILT_PRODUCTS_DIR; };
		D952566B2A9A4E780001C163 /* MVVMTests.swift */ = {isa = PBXFileReference; lastKnownFileType = sourcecode.swift; path = MVVMTests.swift; sourceTree = "<group>"; };
		D95256712A9A4E780001C163 /* MVVMUITests.xctest */ = {isa = PBXFileReference; explicitFileType = wrapper.cfbundle; includeInIndex = 0; path = MVVMUITests.xctest; sourceTree = BUILT_PRODUCTS_DIR; };
		D95256752A9A4E780001C163 /* MVVMUITests.swift */ = {isa = PBXFileReference; lastKnownFileType = sourcecode.swift; path = MVVMUITests.swift; sourceTree = "<group>"; };
		D95256772A9A4E780001C163 /* MVVMUITestsLaunchTests.swift */ = {isa = PBXFileReference; lastKnownFileType = sourcecode.swift; path = MVVMUITestsLaunchTests.swift; sourceTree = "<group>"; };
		D95256852A9A4E9C0001C163 /* ViewController.swift */ = {isa = PBXFileReference; fileEncoding = 4; lastKnownFileType = sourcecode.swift; path = ViewController.swift; sourceTree = "<group>"; };
		D95256862A9A4E9C0001C163 /* TaskModel.swift */ = {isa = PBXFileReference; fileEncoding = 4; lastKnownFileType = sourcecode.swift; path = TaskModel.swift; sourceTree = "<group>"; };
		D95256872A9A4E9C0001C163 /* TaskCell.swift */ = {isa = PBXFileReference; fileEncoding = 4; lastKnownFileType = sourcecode.swift; path = TaskCell.swift; sourceTree = "<group>"; };
		D952568B2A9A534E0001C163 /* TaskListViewModel.swift */ = {isa = PBXFileReference; lastKnownFileType = sourcecode.swift; path = TaskListViewModel.swift; sourceTree = "<group>"; };
/* End PBXFileReference section */

/* Begin PBXFrameworksBuildPhase section */
		D952564E2A9A4E760001C163 /* Frameworks */ = {
			isa = PBXFrameworksBuildPhase;
			buildActionMask = 2147483647;
			files = (
			);
			runOnlyForDeploymentPostprocessing = 0;
		};
		D95256642A9A4E780001C163 /* Frameworks */ = {
			isa = PBXFrameworksBuildPhase;
			buildActionMask = 2147483647;
			files = (
			);
			runOnlyForDeploymentPostprocessing = 0;
		};
		D952566E2A9A4E780001C163 /* Frameworks */ = {
			isa = PBXFrameworksBuildPhase;
			buildActionMask = 2147483647;
			files = (
			);
			runOnlyForDeploymentPostprocessing = 0;
		};
/* End PBXFrameworksBuildPhase section */

/* Begin PBXGroup section */
		D95256482A9A4E760001C163 = {
			isa = PBXGroup;
			children = (
				D95256532A9A4E760001C163 /* MVVM */,
				D952566A2A9A4E780001C163 /* MVVMTests */,
				D95256742A9A4E780001C163 /* MVVMUITests */,
				D95256522A9A4E760001C163 /* Products */,
			);
			sourceTree = "<group>";
		};
		D95256522A9A4E760001C163 /* Products */ = {
			isa = PBXGroup;
			children = (
				D95256512A9A4E760001C163 /* MVVM.app */,
				D95256672A9A4E780001C163 /* MVVMTests.xctest */,
				D95256712A9A4E780001C163 /* MVVMUITests.xctest */,
			);
			name = Products;
			sourceTree = "<group>";
		};
		D95256532A9A4E760001C163 /* MVVM */ = {
			isa = PBXGroup;
			children = (
				D95256842A9A4E9C0001C163 /* MVVM */,
				D95256542A9A4E760001C163 /* AppDelegate.swift */,
				D95256562A9A4E760001C163 /* SceneDelegate.swift */,
				D952565A2A9A4E760001C163 /* Main.storyboard */,
				D952565D2A9A4E780001C163 /* Assets.xcassets */,
				D952565F2A9A4E780001C163 /* LaunchScreen.storyboard */,
				D95256622A9A4E780001C163 /* Info.plist */,
			);
			path = MVVM;
			sourceTree = "<group>";
		};
		D952566A2A9A4E780001C163 /* MVVMTests */ = {
			isa = PBXGroup;
			children = (
				D952566B2A9A4E780001C163 /* MVVMTests.swift */,
			);
			path = MVVMTests;
			sourceTree = "<group>";
		};
		D95256742A9A4E780001C163 /* MVVMUITests */ = {
			isa = PBXGroup;
			children = (
				D95256752A9A4E780001C163 /* MVVMUITests.swift */,
				D95256772A9A4E780001C163 /* MVVMUITestsLaunchTests.swift */,
			);
			path = MVVMUITests;
			sourceTree = "<group>";
		};
		D95256842A9A4E9C0001C163 /* MVVM */ = {
			isa = PBXGroup;
			children = (
				D95256852A9A4E9C0001C163 /* ViewController.swift */,
				D952568B2A9A534E0001C163 /* TaskListViewModel.swift */,
				D95256862A9A4E9C0001C163 /* TaskModel.swift */,
				D95256872A9A4E9C0001C163 /* TaskCell.swift */,
			);
			path = MVVM;
			sourceTree = "<group>";
		};
/* End PBXGroup section */

/* Begin PBXNativeTarget section */
		D95256502A9A4E760001C163 /* MVVM */ = {
			isa = PBXNativeTarget;
			buildConfigurationList = D952567B2A9A4E780001C163 /* Build configuration list for PBXNativeTarget "MVVM" */;
			buildPhases = (
				D952564D2A9A4E760001C163 /* Sources */,
				D952564E2A9A4E760001C163 /* Frameworks */,
				D952564F2A9A4E760001C163 /* Resources */,
			);
			buildRules = (
			);
			dependencies = (
			);
			name = MVVM;
			productName = MVVM;
			productReference = D95256512A9A4E760001C163 /* MVVM.app */;
			productType = "com.apple.product-type.application";
		};
		D95256662A9A4E780001C163 /* MVVMTests */ = {
			isa = PBXNativeTarget;
			buildConfigurationList = D952567E2A9A4E780001C163 /* Build configuration list for PBXNativeTarget "MVVMTests" */;
			buildPhases = (
				D95256632A9A4E780001C163 /* Sources */,
				D95256642A9A4E780001C163 /* Frameworks */,
				D95256652A9A4E780001C163 /* Resources */,
			);
			buildRules = (
			);
			dependencies = (
				D95256692A9A4E780001C163 /* PBXTargetDependency */,
			);
			name = MVVMTests;
			productName = MVVMTests;
			productReference = D95256672A9A4E780001C163 /* MVVMTests.xctest */;
			productType = "com.apple.product-type.bundle.unit-test";
		};
		D95256702A9A4E780001C163 /* MVVMUITests */ = {
			isa = PBXNativeTarget;
			buildConfigurationList = D95256812A9A4E780001C163 /* Build configuration list for PBXNativeTarget "MVVMUITests" */;
			buildPhases = (
				D952566D2A9A4E780001C163 /* Sources */,
				D952566E2A9A4E780001C163 /* Frameworks */,
				D952566F2A9A4E780001C163 /* Resources */,
			);
			buildRules = (
			);
			dependencies = (
				D95256732A9A4E780001C163 /* PBXTargetDependency */,
			);
			name = MVVMUITests;
			productName = MVVMUITests;
			productReference = D95256712A9A4E780001C163 /* MVVMUITests.xctest */;
			productType = "com.apple.product-type.bundle.ui-testing";
		};
/* End PBXNativeTarget section */

/* Begin PBXProject section */
		D95256492A9A4E760001C163 /* Project object */ = {
			isa = PBXProject;
			attributes = {
				BuildIndependentTargetsInParallel = 1;
				LastSwiftUpdateCheck = 1430;
				LastUpgradeCheck = 1430;
				TargetAttributes = {
					D95256502A9A4E760001C163 = {
						CreatedOnToolsVersion = 14.3;
					};
					D95256662A9A4E780001C163 = {
						CreatedOnToolsVersion = 14.3;
						TestTargetID = D95256502A9A4E760001C163;
					};
					D95256702A9A4E780001C163 = {
						CreatedOnToolsVersion = 14.3;
						TestTargetID = D95256502A9A4E760001C163;
					};
				};
			};
			buildConfigurationList = D952564C2A9A4E760001C163 /* Build configuration list for PBXProject "MVVM" */;
			compatibilityVersion = "Xcode 14.0";
			developmentRegion = en;
			hasScannedForEncodings = 0;
			knownRegions = (
				en,
				Base,
			);
			mainGroup = D95256482A9A4E760001C163;
			productRefGroup = D95256522A9A4E760001C163 /* Products */;
			projectDirPath = "";
			projectRoot = "";
			targets = (
				D95256502A9A4E760001C163 /* MVVM */,
				D95256662A9A4E780001C163 /* MVVMTests */,
				D95256702A9A4E780001C163 /* MVVMUITests */,
			);
		};
/* End PBXProject section */

/* Begin PBXResourcesBuildPhase section */
		D952564F2A9A4E760001C163 /* Resources */ = {
			isa = PBXResourcesBuildPhase;
			buildActionMask = 2147483647;
			files = (
				D95256612A9A4E780001C163 /* LaunchScreen.storyboard in Resources */,
				D952565E2A9A4E780001C163 /* Assets.xcassets in Resources */,
				D952565C2A9A4E760001C163 /* Main.storyboard in Resources */,
			);
			runOnlyForDeploymentPostprocessing = 0;
		};
		D95256652A9A4E780001C163 /* Resources */ = {
			isa = PBXResourcesBuildPhase;
			buildActionMask = 2147483647;
			files = (
			);
			runOnlyForDeploymentPostprocessing = 0;
		};
		D952566F2A9A4E780001C163 /* Resources */ = {
			isa = PBXResourcesBuildPhase;
			buildActionMask = 2147483647;
			files = (
			);
			runOnlyForDeploymentPostprocessing = 0;
		};
/* End PBXResourcesBuildPhase section */

/* Begin PBXSourcesBuildPhase section */
		D952564D2A9A4E760001C163 /* Sources */ = {
			isa = PBXSourcesBuildPhase;
			buildActionMask = 2147483647;
			files = (
				D95256882A9A4E9C0001C163 /* ViewController.swift in Sources */,
				D95256552A9A4E760001C163 /* AppDelegate.swift in Sources */,
				D95256892A9A4E9C0001C163 /* TaskModel.swift in Sources */,
				D95256572A9A4E760001C163 /* SceneDelegate.swift in Sources */,
				D952568A2A9A4E9C0001C163 /* TaskCell.swift in Sources */,
				D952568C2A9A534E0001C163 /* TaskListViewModel.swift in Sources */,
			);
			runOnlyForDeploymentPostprocessing = 0;
		};
		D95256632A9A4E780001C163 /* Sources */ = {
			isa = PBXSourcesBuildPhase;
			buildActionMask = 2147483647;
			files = (
				D952566C2A9A4E780001C163 /* MVVMTests.swift in Sources */,
			);
			runOnlyForDeploymentPostprocessing = 0;
		};
		D952566D2A9A4E780001C163 /* Sources */ = {
			isa = PBXSourcesBuildPhase;
			buildActionMask = 2147483647;
			files = (
				D95256782A9A4E780001C163 /* MVVMUITestsLaunchTests.swift in Sources */,
				D95256762A9A4E780001C163 /* MVVMUITests.swift in Sources */,
			);
			runOnlyForDeploymentPostprocessing = 0;
		};
/* End PBXSourcesBuildPhase section */

/* Begin PBXTargetDependency section */
		D95256692A9A4E780001C163 /* PBXTargetDependency */ = {
			isa = PBXTargetDependency;
			target = D95256502A9A4E760001C163 /* MVVM */;
			targetProxy = D95256682A9A4E780001C163 /* PBXContainerItemProxy */;
		};
		D95256732A9A4E780001C163 /* PBXTargetDependency */ = {
			isa = PBXTargetDependency;
			target = D95256502A9A4E760001C163 /* MVVM */;
			targetProxy = D95256722A9A4E780001C163 /* PBXContainerItemProxy */;
		};
/* End PBXTargetDependency section */

/* Begin PBXVariantGroup section */
		D952565A2A9A4E760001C163 /* Main.storyboard */ = {
			isa = PBXVariantGroup;
			children = (
				D952565B2A9A4E760001C163 /* Base */,
			);
			name = Main.storyboard;
			sourceTree = "<group>";
		};
		D952565F2A9A4E780001C163 /* LaunchScreen.storyboard */ = {
			isa = PBXVariantGroup;
			children = (
				D95256602A9A4E780001C163 /* Base */,
			);
			name = LaunchScreen.storyboard;
			sourceTree = "<group>";
		};
/* End PBXVariantGroup section */

/* Begin XCBuildConfiguration section */
		D95256792A9A4E780001C163 /* Debug */ = {
			isa = XCBuildConfiguration;
			buildSettings = {
				ALWAYS_SEARCH_USER_PATHS = NO;
				CLANG_ANALYZER_NONNULL = YES;
				CLANG_ANALYZER_NUMBER_OBJECT_CONVERSION = YES_AGGRESSIVE;
				CLANG_CXX_LANGUAGE_STANDARD = "gnu++20";
				CLANG_ENABLE_MODULES = YES;
				CLANG_ENABLE_OBJC_ARC = YES;
				CLANG_ENABLE_OBJC_WEAK = YES;
				CLANG_WARN_BLOCK_CAPTURE_AUTORELEASING = YES;
				CLANG_WARN_BOOL_CONVERSION = YES;
				CLANG_WARN_COMMA = YES;
				CLANG_WARN_CONSTANT_CONVERSION = YES;
				CLANG_WARN_DEPRECATED_OBJC_IMPLEMENTATIONS = YES;
				CLANG_WARN_DIRECT_OBJC_ISA_USAGE = YES_ERROR;
				CLANG_WARN_DOCUMENTATION_COMMENTS = YES;
				CLANG_WARN_EMPTY_BODY = YES;
				CLANG_WARN_ENUM_CONVERSION = YES;
				CLANG_WARN_INFINITE_RECURSION = YES;
				CLANG_WARN_INT_CONVERSION = YES;
				CLANG_WARN_NON_LITERAL_NULL_CONVERSION = YES;
				CLANG_WARN_OBJC_IMPLICIT_RETAIN_SELF = YES;
				CLANG_WARN_OBJC_LITERAL_CONVERSION = YES;
				CLANG_WARN_OBJC_ROOT_CLASS = YES_ERROR;
				CLANG_WARN_QUOTED_INCLUDE_IN_FRAMEWORK_HEADER = YES;
				CLANG_WARN_RANGE_LOOP_ANALYSIS = YES;
				CLANG_WARN_STRICT_PROTOTYPES = YES;
				CLANG_WARN_SUSPICIOUS_MOVE = YES;
				CLANG_WARN_UNGUARDED_AVAILABILITY = YES_AGGRESSIVE;
				CLANG_WARN_UNREACHABLE_CODE = YES;
				CLANG_WARN__DUPLICATE_METHOD_MATCH = YES;
				COPY_PHASE_STRIP = NO;
				DEBUG_INFORMATION_FORMAT = dwarf;
				ENABLE_STRICT_OBJC_MSGSEND = YES;
				ENABLE_TESTABILITY = YES;
				GCC_C_LANGUAGE_STANDARD = gnu11;
				GCC_DYNAMIC_NO_PIC = NO;
				GCC_NO_COMMON_BLOCKS = YES;
				GCC_OPTIMIZATION_LEVEL = 0;
				GCC_PREPROCESSOR_DEFINITIONS = (
					"DEBUG=1",
					"$(inherited)",
				);
				GCC_WARN_64_TO_32_BIT_CONVERSION = YES;
				GCC_WARN_ABOUT_RETURN_TYPE = YES_ERROR;
				GCC_WARN_UNDECLARED_SELECTOR = YES;
				GCC_WARN_UNINITIALIZED_AUTOS = YES_AGGRESSIVE;
				GCC_WARN_UNUSED_FUNCTION = YES;
				GCC_WARN_UNUSED_VARIABLE = YES;
				IPHONEOS_DEPLOYMENT_TARGET = 16.4;
				MTL_ENABLE_DEBUG_INFO = INCLUDE_SOURCE;
				MTL_FAST_MATH = YES;
				ONLY_ACTIVE_ARCH = YES;
				SDKROOT = iphoneos;
				SWIFT_ACTIVE_COMPILATION_CONDITIONS = DEBUG;
				SWIFT_OPTIMIZATION_LEVEL = "-Onone";
			};
			name = Debug;
		};
		D952567A2A9A4E780001C163 /* Release */ = {
			isa = XCBuildConfiguration;
			buildSettings = {
				ALWAYS_SEARCH_USER_PATHS = NO;
				CLANG_ANALYZER_NONNULL = YES;
				CLANG_ANALYZER_NUMBER_OBJECT_CONVERSION = YES_AGGRESSIVE;
				CLANG_CXX_LANGUAGE_STANDARD = "gnu++20";
				CLANG_ENABLE_MODULES = YES;
				CLANG_ENABLE_OBJC_ARC = YES;
				CLANG_ENABLE_OBJC_WEAK = YES;
				CLANG_WARN_BLOCK_CAPTURE_AUTORELEASING = YES;
				CLANG_WARN_BOOL_CONVERSION = YES;
				CLANG_WARN_COMMA = YES;
				CLANG_WARN_CONSTANT_CONVERSION = YES;
				CLANG_WARN_DEPRECATED_OBJC_IMPLEMENTATIONS = YES;
				CLANG_WARN_DIRECT_OBJC_ISA_USAGE = YES_ERROR;
				CLANG_WARN_DOCUMENTATION_COMMENTS = YES;
				CLANG_WARN_EMPTY_BODY = YES;
				CLANG_WARN_ENUM_CONVERSION = YES;
				CLANG_WARN_INFINITE_RECURSION = YES;
				CLANG_WARN_INT_CONVERSION = YES;
				CLANG_WARN_NON_LITERAL_NULL_CONVERSION = YES;
				CLANG_WARN_OBJC_IMPLICIT_RETAIN_SELF = YES;
				CLANG_WARN_OBJC_LITERAL_CONVERSION = YES;
				CLANG_WARN_OBJC_ROOT_CLASS = YES_ERROR;
				CLANG_WARN_QUOTED_INCLUDE_IN_FRAMEWORK_HEADER = YES;
				CLANG_WARN_RANGE_LOOP_ANALYSIS = YES;
				CLANG_WARN_STRICT_PROTOTYPES = YES;
				CLANG_WARN_SUSPICIOUS_MOVE = YES;
				CLANG_WARN_UNGUARDED_AVAILABILITY = YES_AGGRESSIVE;
				CLANG_WARN_UNREACHABLE_CODE = YES;
				CLANG_WARN__DUPLICATE_METHOD_MATCH = YES;
				COPY_PHASE_STRIP = NO;
				DEBUG_INFORMATION_FORMAT = "dwarf-with-dsym";
				ENABLE_NS_ASSERTIONS = NO;
				ENABLE_STRICT_OBJC_MSGSEND = YES;
				GCC_C_LANGUAGE_STANDARD = gnu11;
				GCC_NO_COMMON_BLOCKS = YES;
				GCC_WARN_64_TO_32_BIT_CONVERSION = YES;
				GCC_WARN_ABOUT_RETURN_TYPE = YES_ERROR;
				GCC_WARN_UNDECLARED_SELECTOR = YES;
				GCC_WARN_UNINITIALIZED_AUTOS = YES_AGGRESSIVE;
				GCC_WARN_UNUSED_FUNCTION = YES;
				GCC_WARN_UNUSED_VARIABLE = YES;
				IPHONEOS_DEPLOYMENT_TARGET = 16.4;
				MTL_ENABLE_DEBUG_INFO = NO;
				MTL_FAST_MATH = YES;
				SDKROOT = iphoneos;
				SWIFT_COMPILATION_MODE = wholemodule;
				SWIFT_OPTIMIZATION_LEVEL = "-O";
				VALIDATE_PRODUCT = YES;
			};
			name = Release;
		};
		D952567C2A9A4E780001C163 /* Debug */ = {
			isa = XCBuildConfiguration;
			buildSettings = {
				ASSETCATALOG_COMPILER_APPICON_NAME = AppIcon;
				ASSETCATALOG_COMPILER_GLOBAL_ACCENT_COLOR_NAME = AccentColor;
				CODE_SIGN_STYLE = Automatic;
				CURRENT_PROJECT_VERSION = 1;
				GENERATE_INFOPLIST_FILE = YES;
				INFOPLIST_FILE = MVVM/Info.plist;
				INFOPLIST_KEY_UIApplicationSupportsIndirectInputEvents = YES;
				INFOPLIST_KEY_UILaunchStoryboardName = LaunchScreen;
				INFOPLIST_KEY_UIMainStoryboardFile = Main;
				INFOPLIST_KEY_UISupportedInterfaceOrientations_iPad = "UIInterfaceOrientationPortrait UIInterfaceOrientationPortraitUpsideDown UIInterfaceOrientationLandscapeLeft UIInterfaceOrientationLandscapeRight";
				INFOPLIST_KEY_UISupportedInterfaceOrientations_iPhone = "UIInterfaceOrientationPortrait UIInterfaceOrientationLandscapeLeft UIInterfaceOrientationLandscapeRight";
				LD_RUNPATH_SEARCH_PATHS = (
					"$(inherited)",
					"@executable_path/Frameworks",
				);
				MARKETING_VERSION = 1.0;
				PRODUCT_BUNDLE_IDENTIFIER = com.app.MVVM;
				PRODUCT_NAME = "$(TARGET_NAME)";
				SWIFT_EMIT_LOC_STRINGS = YES;
				SWIFT_VERSION = 5.0;
				TARGETED_DEVICE_FAMILY = "1,2";
			};
			name = Debug;
		};
		D952567D2A9A4E780001C163 /* Release */ = {
			isa = XCBuildConfiguration;
			buildSettings = {
				ASSETCATALOG_COMPILER_APPICON_NAME = AppIcon;
				ASSETCATALOG_COMPILER_GLOBAL_ACCENT_COLOR_NAME = AccentColor;
				CODE_SIGN_STYLE = Automatic;
				CURRENT_PROJECT_VERSION = 1;
				GENERATE_INFOPLIST_FILE = YES;
				INFOPLIST_FILE = MVVM/Info.plist;
				INFOPLIST_KEY_UIApplicationSupportsIndirectInputEvents = YES;
				INFOPLIST_KEY_UILaunchStoryboardName = LaunchScreen;
				INFOPLIST_KEY_UIMainStoryboardFile = Main;
				INFOPLIST_KEY_UISupportedInterfaceOrientations_iPad = "UIInterfaceOrientationPortrait UIInterfaceOrientationPortraitUpsideDown UIInterfaceOrientationLandscapeLeft UIInterfaceOrientationLandscapeRight";
				INFOPLIST_KEY_UISupportedInterfaceOrientations_iPhone = "UIInterfaceOrientationPortrait UIInterfaceOrientationLandscapeLeft UIInterfaceOrientationLandscapeRight";
				LD_RUNPATH_SEARCH_PATHS = (
					"$(inherited)",
					"@executable_path/Frameworks",
				);
				MARKETING_VERSION = 1.0;
				PRODUCT_BUNDLE_IDENTIFIER = com.app.MVVM;
				PRODUCT_NAME = "$(TARGET_NAME)";
				SWIFT_EMIT_LOC_STRINGS = YES;
				SWIFT_VERSION = 5.0;
				TARGETED_DEVICE_FAMILY = "1,2";
			};
			name = Release;
		};
		D952567F2A9A4E780001C163 /* Debug */ = {
			isa = XCBuildConfiguration;
			buildSettings = {
				ALWAYS_EMBED_SWIFT_STANDARD_LIBRARIES = YES;
				BUNDLE_LOADER = "$(TEST_HOST)";
				CODE_SIGN_STYLE = Automatic;
				CURRENT_PROJECT_VERSION = 1;
				GENERATE_INFOPLIST_FILE = YES;
				IPHONEOS_DEPLOYMENT_TARGET = 16.4;
				MARKETING_VERSION = 1.0;
				PRODUCT_BUNDLE_IDENTIFIER = com.app.MVVMTests;
				PRODUCT_NAME = "$(TARGET_NAME)";
				SWIFT_EMIT_LOC_STRINGS = NO;
				SWIFT_VERSION = 5.0;
				TARGETED_DEVICE_FAMILY = "1,2";
				TEST_HOST = "$(BUILT_PRODUCTS_DIR)/MVVM.app/$(BUNDLE_EXECUTABLE_FOLDER_PATH)/MVVM";
			};
			name = Debug;
		};
		D95256802A9A4E780001C163 /* Release */ = {
			isa = XCBuildConfiguration;
			buildSettings = {
				ALWAYS_EMBED_SWIFT_STANDARD_LIBRARIES = YES;
				BUNDLE_LOADER = "$(TEST_HOST)";
				CODE_SIGN_STYLE = Automatic;
				CURRENT_PROJECT_VERSION = 1;
				GENERATE_INFOPLIST_FILE = YES;
				IPHONEOS_DEPLOYMENT_TARGET = 16.4;
				MARKETING_VERSION = 1.0;
				PRODUCT_BUNDLE_IDENTIFIER = com.app.MVVMTests;
				PRODUCT_NAME = "$(TARGET_NAME)";
				SWIFT_EMIT_LOC_STRINGS = NO;
				SWIFT_VERSION = 5.0;
				TARGETED_DEVICE_FAMILY = "1,2";
				TEST_HOST = "$(BUILT_PRODUCTS_DIR)/MVVM.app/$(BUNDLE_EXECUTABLE_FOLDER_PATH)/MVVM";
			};
			name = Release;
		};
		D95256822A9A4E780001C163 /* Debug */ = {
			isa = XCBuildConfiguration;
			buildSettings = {
				ALWAYS_EMBED_SWIFT_STANDARD_LIBRARIES = YES;
				CODE_SIGN_STYLE = Automatic;
				CURRENT_PROJECT_VERSION = 1;
				GENERATE_INFOPLIST_FILE = YES;
				MARKETING_VERSION = 1.0;
				PRODUCT_BUNDLE_IDENTIFIER = com.app.MVVMUITests;
				PRODUCT_NAME = "$(TARGET_NAME)";
				SWIFT_EMIT_LOC_STRINGS = NO;
				SWIFT_VERSION = 5.0;
				TARGETED_DEVICE_FAMILY = "1,2";
				TEST_TARGET_NAME = MVVM;
			};
			name = Debug;
		};
		D95256832A9A4E780001C163 /* Release */ = {
			isa = XCBuildConfiguration;
			buildSettings = {
				ALWAYS_EMBED_SWIFT_STANDARD_LIBRARIES = YES;
				CODE_SIGN_STYLE = Automatic;
				CURRENT_PROJECT_VERSION = 1;
				GENERATE_INFOPLIST_FILE = YES;
				MARKETING_VERSION = 1.0;
				PRODUCT_BUNDLE_IDENTIFIER = com.app.MVVMUITests;
				PRODUCT_NAME = "$(TARGET_NAME)";
				SWIFT_EMIT_LOC_STRINGS = NO;
				SWIFT_VERSION = 5.0;
				TARGETED_DEVICE_FAMILY = "1,2";
				TEST_TARGET_NAME = MVVM;
			};
			name = Release;
		};
/* End XCBuildConfiguration section */

/* Begin XCConfigurationList section */
		D952564C2A9A4E760001C163 /* Build configuration list for PBXProject "MVVM" */ = {
			isa = XCConfigurationList;
			buildConfigurations = (
				D95256792A9A4E780001C163 /* Debug */,
				D952567A2A9A4E780001C163 /* Release */,
			);
			defaultConfigurationIsVisible = 0;
			defaultConfigurationName = Release;
		};
		D952567B2A9A4E780001C163 /* Build configuration list for PBXNativeTarget "MVVM" */ = {
			isa = XCConfigurationList;
			buildConfigurations = (
				D952567C2A9A4E780001C163 /* Debug */,
				D952567D2A9A4E780001C163 /* Release */,
			);
			defaultConfigurationIsVisible = 0;
			defaultConfigurationName = Release;
		};
		D952567E2A9A4E780001C163 /* Build configuration list for PBXNativeTarget "MVVMTests" */ = {
			isa = XCConfigurationList;
			buildConfigurations = (
				D952567F2A9A4E780001C163 /* Debug */,
				D95256802A9A4E780001C163 /* Release */,
			);
			defaultConfigurationIsVisible = 0;
			defaultConfigurationName = Release;
		};
		D95256812A9A4E780001C163 /* Build configuration list for PBXNativeTarget "MVVMUITests" */ = {
			isa = XCConfigurationList;
			buildConfigurations = (
				D95256822A9A4E780001C163 /* Debug */,
				D95256832A9A4E780001C163 /* Release */,
			);
			defaultConfigurationIsVisible = 0;
			defaultConfigurationName = Release;
		};
/* End XCConfigurationList section */
	};
	rootObject = D95256492A9A4E760001C163 /* Project object */;
}
